
Microsoft Visual Studio Solution File, Format Version 12.00
# Visual Studio Version 16
VisualStudioVersion = 16.0.29009.5
MinimumVisualStudioVersion = 10.0.40219.1
Project("{FAE04EC0-301F-11D3-BF4B-00C04F79EFBC}") = "DelaApp", "DelaApp\DelaApp.csproj", "{33DA3510-8C03-4DAE-A74A-A5265F93E400}"
EndProject
Project("{FAE04EC0-301F-11D3-BF4B-00C04F79EFBC}") = "DelaApp.Tests", "DelaApp.Tests\DelaApp.Tests.csproj", "{40D30FD5-8341-4E07-9B8B-68A7344D16B0}"
EndProject
Global
	GlobalSection(SolutionConfigurationPlatforms) = preSolution
		Debug|Any CPU = Debug|Any CPU
		Release|Any CPU = Release|Any CPU
	EndGlobalSection
	GlobalSection(ProjectConfigurationPlatforms) = postSolution
		{33DA3510-8C03-4DAE-A74A-A5265F93E400}.Debug|Any CPU.ActiveCfg = Debug|Any CPU
		{33DA3510-8C03-4DAE-A74A-A5265F93E400}.Debug|Any CPU.Build.0 = Debug|Any CPU
		{33DA3510-8C03-4DAE-A74A-A5265F93E400}.Release|Any CPU.ActiveCfg = Release|Any CPU
		{33DA3510-8C03-4DAE-A74A-A5265F93E400}.Release|Any CPU.Build.0 = Release|Any CPU
		{40D30FD5-8341-4E07-9B8B-68A7344D16B0}.Debug|Any CPU.ActiveCfg = Debug|Any CPU
		{40D30FD5-8341-4E07-9B8B-68A7344D16B0}.Debug|Any CPU.Build.0 = Debug|Any CPU
		{40D30FD5-8341-4E07-9B8B-68A7344D16B0}.Release|Any CPU.ActiveCfg = Release|Any CPU
		{40D30FD5-8341-4E07-9B8B-68A7344D16B0}.Release|Any CPU.Build.0 = Release|Any CPU
	EndGlobalSection
	GlobalSection(SolutionProperties) = preSolution
		HideSolutionNode = FALSE
	EndGlobalSection
	GlobalSection(ExtensibilityGlobals) = postSolution
		SolutionGuid = {2F0F0D94-3784-400C-B543-A0A6DC991727}
	EndGlobalSection
EndGlobal
